{
  "name": "ft",
  "lockfileVersion": 2,
  "requires": true,
  "packages": {
    "": {
      "devDependencies": {
        "@types/postcss-load-config": "^3.0.1",
        "postcss": "^8.5.6"
      }
    },
    "node_modules/@types/postcss-load-config": {
      "version": "3.0.1",
      "resolved": "https://registry.npmjs.org/@types/postcss-load-config/-/postcss-load-config-3.0.1.tgz",
      "integrity": "sha512-W/F7myqejNGhK9mkm1u0rZeS4wzRFTwo0ifUv1XKokYN67oRyTucH6R1ttdL95bXD1UJKD/zq5QNlg3vYgfjDg==",
      "deprecated": "This is a stub types definition. postcss-load-config provides its own type definitions, so you do not need this installed.",
      "dev": true,
      "dependencies": {
        "postcss-load-config": "*"
      }
    },
    "node_modules/lilconfig": {
      "version": "3.1.3",
      "resolved": "https://registry.npmjs.org/lilconfig/-/lilconfig-3.1.3.tgz",
      "integrity": "sha512-/vlFKAoH5Cgt3Ie+JLhRbwOsCQePABiU3tJ1egGvyQ+33R/vcwM2Zl2QR/LzjsBeItPt3oSVXapn+m4nQDvpzw==",
      "dev": true,
      "engines": {
        "node": ">=14"
      },
      "funding": {
        "url": "https://github.com/sponsors/antonk52"
      }
    },
    "node_modules/nanoid": {
      "version": "3.3.11",
      "resolved": "https://registry.npmjs.org/nanoid/-/nanoid-3.3.11.tgz",
      "integrity": "sha512-N8SpfPUnUp1bK+PMYW8qSWdl9U+wwNWI4QKxOYDy9JAro3WMX7p2OeVRF9v+347pnakNevPmiHhNmZ2HbFA76w==",
      "dev": true,
      "funding": [
        {
          "type": "github",
          "url": "https://github.com/sponsors/ai"
        }
      ],
      "bin": {
        "nanoid": "bin/nanoid.cjs"
      },
      "engines": {
        "node": "^10 || ^12 || ^13.7 || ^14 || >=15.0.1"
      }
    },
    "node_modules/picocolors": {
      "version": "1.1.1",
      "resolved": "https://registry.npmjs.org/picocolors/-/picocolors-1.1.1.tgz",
      "integrity": "sha512-xceH2snhtb5M9liqDsmEw56le376mTZkEX/jEb/RxNFyegNul7eNslCXP9FDj/Lcu0X8KEyMceP2ntpaHrDEVA==",
      "dev": true
    },
    "node_modules/postcss": {
      "version": "8.5.6",
      "resolved": "https://registry.npmjs.org/postcss/-/postcss-8.5.6.tgz",
      "integrity": "sha512-3Ybi1tAuwAP9s0r1UQ2J4n5Y0G05bJkpUIO0/bI9MhwmD70S5aTWbXGBwxHrelT+XM1k6dM0pk+SwNkpTRN7Pg==",
      "dev": true,
      "funding": [
        {
          "type": "opencollective",
          "url": "https://opencollective.com/postcss/"
        },
        {
          "type": "tidelift",
          "url": "https://tidelift.com/funding/github/npm/postcss"
        },
        {
          "type": "github",
          "url": "https://github.com/sponsors/ai"
        }
      ],
      "dependencies": {
        "nanoid": "^3.3.11",
        "picocolors": "^1.1.1",
        "source-map-js": "^1.2.1"
      },
      "engines": {
        "node": "^10 || ^12 || >=14"
      }
    },
    "node_modules/postcss-load-config": {
      "version": "6.0.1",
      "resolved": "https://registry.npmjs.org/postcss-load-config/-/postcss-load-config-6.0.1.tgz",
      "integrity": "sha512-oPtTM4oerL+UXmx+93ytZVN82RrlY/wPUV8IeDxFrzIjXOLF1pN+EmKPLbubvKHT2HC20xXsCAH2Z+CKV6Oz/g==",
      "dev": true,
      "funding": [
        {
          "type": "opencollective",
          "url": "https://opencollective.com/postcss/"
        },
        {
          "type": "github",
          "url": "https://github.com/sponsors/ai"
        }
      ],
      "dependencies": {
        "lilconfig": "^3.1.1"
      },
      "engines": {
        "node": ">= 18"
      },
      "peerDependencies": {
        "jiti": ">=1.21.0",
        "postcss": ">=8.0.9",
        "tsx": "^4.8.1",
        "yaml": "^2.4.2"
      },
      "peerDependenciesMeta": {
        "jiti": {
          "optional": true
        },
        "postcss": {
          "optional": true
        },
        "tsx": {
          "optional": true
        },
        "yaml": {
          "optional": true
        }
      }
    },
    "node_modules/source-map-js": {
      "version": "1.2.1",
      "resolved": "https://registry.npmjs.org/source-map-js/-/source-map-js-1.2.1.tgz",
      "integrity": "sha512-UXWMKhLOwVKb728IUtQPXxfYU+usdybtUrK/8uGE8CQMvrhOpwvzDBwj0QhSL7MQc7vIsISBG8VQ8+IDQxpfQA==",
      "dev": true,
      "engines": {
        "node": ">=0.10.0"
      }
    }
  },
  "dependencies": {
    "@types/postcss-load-config": {
      "version": "3.0.1",
      "resolved": "https://registry.npmjs.org/@types/postcss-load-config/-/postcss-load-config-3.0.1.tgz",
      "integrity": "sha512-W/F7myqejNGhK9mkm1u0rZeS4wzRFTwo0ifUv1XKokYN67oRyTucH6R1ttdL95bXD1UJKD/zq5QNlg3vYgfjDg==",
      "dev": true,
      "requires": {
        "postcss-load-config": "*"
      }
    },
    "lilconfig": {
      "version": "3.1.3",
      "resolved": "https://registry.npmjs.org/lilconfig/-/lilconfig-3.1.3.tgz",
      "integrity": "sha512-/vlFKAoH5Cgt3Ie+JLhRbwOsCQePABiU3tJ1egGvyQ+33R/vcwM2Zl2QR/LzjsBeItPt3oSVXapn+m4nQDvpzw==",
      "dev": true
    },
    "nanoid": {
      "version": "3.3.11",
      "resolved": "https://registry.npmjs.org/nanoid/-/nanoid-3.3.11.tgz",
      "integrity": "sha512-N8SpfPUnUp1bK+PMYW8qSWdl9U+wwNWI4QKxOYDy9JAro3WMX7p2OeVRF9v+347pnakNevPmiHhNmZ2HbFA76w==",
      "dev": true
    },
    "picocolors": {
      "version": "1.1.1",
      "resolved": "https://registry.npmjs.org/picocolors/-/picocolors-1.1.1.tgz",
      "integrity": "sha512-xceH2snhtb5M9liqDsmEw56le376mTZkEX/jEb/RxNFyegNul7eNslCXP9FDj/Lcu0X8KEyMceP2ntpaHrDEVA==",
      "dev": true
    },
    "postcss": {
      "version": "8.5.6",
      "resolved": "https://registry.npmjs.org/postcss/-/postcss-8.5.6.tgz",
      "integrity": "sha512-3Ybi1tAuwAP9s0r1UQ2J4n5Y0G05bJkpUIO0/bI9MhwmD70S5aTWbXGBwxHrelT+XM1k6dM0pk+SwNkpTRN7Pg==",
      "dev": true,
      "requires": {
        "nanoid": "^3.3.11",
        "picocolors": "^1.1.1",
        "source-map-js": "^1.2.1"
      }
    },
    "postcss-load-config": {
      "version": "6.0.1",
      "resolved": "https://registry.npmjs.org/postcss-load-config/-/postcss-load-config-6.0.1.tgz",
      "integrity": "sha512-oPtTM4oerL+UXmx+93ytZVN82RrlY/wPUV8IeDxFrzIjXOLF1pN+EmKPLbubvKHT2HC20xXsCAH2Z+CKV6Oz/g==",
      "dev": true,
      "requires": {
        "lilconfig": "^3.1.1"
      }
    },
    "source-map-js": {
      "version": "1.2.1",
      "resolved": "https://registry.npmjs.org/source-map-js/-/source-map-js-1.2.1.tgz",
      "integrity": "sha512-UXWMKhLOwVKb728IUtQPXxfYU+usdybtUrK/8uGE8CQMvrhOpwvzDBwj0QhSL7MQc7vIsISBG8VQ8+IDQxpfQA==",
      "dev": true
    }
  }
}
